# THIS IS AN AUTOGENERATED FILE. DO NOT EDIT THIS FILE DIRECTLY.
# yarn lockfile v1


anticaptcha@^2.0.3:
  version "2.0.3"
  resolved "https://registry.yarnpkg.com/anticaptcha/-/anticaptcha-2.0.3.tgz#c9af926e596b272506efe3c4bc610feedb320e63"
  integrity sha512-P0RFs+UnzacMg1/E+QdaIt5IScTeqq0sjlzeNeEMSWu5EkGWXprC88cXNgz8clM0QsYhTnl8m6MMWjG+q4B3vQ==
  dependencies:
    apisauce "^1.1.1"

apisauce@^1.1.1:
  version "1.1.1"
  resolved "https://registry.yarnpkg.com/apisauce/-/apisauce-1.1.1.tgz#8e1da3005d6b86c5e4b8309901e2aa1a3a124b1d"
  integrity sha512-xAXMRFyv+6yjhgDIEMozAhioE2qLdxMJxIDbjwT2obttZso27WUOpVGKYK0SD2T+IjlcpNQAklYj0IG0U7YKXQ==
  dependencies:
    axios "^0.19.0"
    ramda "^0.25.0"

axios-cookiejar-support@^1.0.0:
  version "1.0.0"
  resolved "https://registry.yarnpkg.com/axios-cookiejar-support/-/axios-cookiejar-support-1.0.0.tgz#9fceb20d3dd541eec1eb1a346bf3265a3b6e7bca"
  integrity sha512-9pBlIU5jfrGZTnUQlt8symShviSTOSlOKGtryHx76lJPnKIXDqUT3JDAjJ1ywOQLyfiWrthIt4iJiVP2L2S4jA==
  dependencies:
    is-redirect "^1.0.0"
    pify "^5.0.0"

axios@^0.19.0, axios@^0.19.2:
  version "0.19.2"
  resolved "https://registry.yarnpkg.com/axios/-/axios-0.19.2.tgz#3ea36c5d8818d0d5f8a8a97a6d36b86cdc00cb27"
  integrity sha512-fjgm5MvRHLhx+osE2xoekY70AhARk3a6hkN+3Io1jc00jtquGvxYlKlsFUhmUET0V5te6CcZI7lcv2Ym61mjHA==
  dependencies:
    follow-redirects "1.5.10"

debug@=3.1.0:
  version "3.1.0"
  resolved "https://registry.yarnpkg.com/debug/-/debug-3.1.0.tgz#5bb5a0672628b64149566ba16819e61518c67261"
  integrity sha512-OX8XqP7/1a9cqkxYw2yXss15f26NKWBpDXQd0/uK/KPqdQhxbPa994hnzjcE2VqQpDslf55723cKPUOGSmMY3g==
  dependencies:
    ms "2.0.0"

dotenv@^8.2.0:
  version "8.2.0"
  resolved "https://registry.yarnpkg.com/dotenv/-/dotenv-8.2.0.tgz#97e619259ada750eea3e4ea3e26bceea5424b16a"
  integrity sha512-8sJ78ElpbDJBHNeBzUbUVLsqKdccaa/BXF1uPTw3GrvQTBgrQrtObr2mUrE38vzYd8cEv+m/JBfDLioYcfXoaw==

fast-xml-parser@^3.16.0:
  version "3.16.0"
  resolved "https://registry.yarnpkg.com/fast-xml-parser/-/fast-xml-parser-3.16.0.tgz#d905e7e6b28fc4648cabebcb074363867fb56ee2"
  integrity sha512-U+bpScacfgnfNfIKlWHDu4u6rtOaCyxhblOLJ8sZPkhsjgGqdZmVPBhdOyvdMGCDt8CsAv+cssOP3NzQptNt2w==

follow-redirects@1.5.10:
  version "1.5.10"
  resolved "https://registry.yarnpkg.com/follow-redirects/-/follow-redirects-1.5.10.tgz#7b7a9f9aea2fdff36786a94ff643ed07f4ff5e2a"
  integrity sha512-0V5l4Cizzvqt5D44aTXbFZz+FtyXV1vrDN6qrelxtfYQKW0KO0W2T/hkE8xvGa/540LkZlkaUjO4ailYTFtHVQ==
  dependencies:
    debug "=3.1.0"

generate-password@^1.5.1:
  version "1.5.1"
  resolved "https://registry.yarnpkg.com/generate-password/-/generate-password-1.5.1.tgz#ad463fadee1b4818edb7b827ff6f3499587d8dd5"
  integrity sha512-XdsyfiF4mKoOEuzA44w9jSNav50zOurdWOV3V8DbA7SJIxR3Xm9ob14HKYTnMQOPX3ylqiJMnQF0wEa8gXZIMw==

is-redirect@^1.0.0:
  version "1.0.0"
  resolved "https://registry.yarnpkg.com/is-redirect/-/is-redirect-1.0.0.tgz#1d03dded53bd8db0f30c26e4f95d36fc7c87dc24"
  integrity sha1-HQPd7VO9jbDzDCbk+V02/HyH3CQ=

jwt-decode@^2.2.0:
  version "2.2.0"
  resolved "https://registry.yarnpkg.com/jwt-decode/-/jwt-decode-2.2.0.tgz#7d86bd56679f58ce6a84704a657dd392bba81a79"
  integrity sha1-fYa9VmefWM5qhHBKZX3TkruoGnk=

ms@2.0.0:
  version "2.0.0"
  resolved "https://registry.yarnpkg.com/ms/-/ms-2.0.0.tgz#5608aeadfc00be6c2901df5f9861788de0d597c8"
  integrity sha1-VgiurfwAvmwpAd9fmGF4jeDVl8g=

pify@^5.0.0:
  version "5.0.0"
  resolved "https://registry.yarnpkg.com/pify/-/pify-5.0.0.tgz#1f5eca3f5e87ebec28cc6d54a0e4aaf00acc127f"
  integrity sha512-eW/gHNMlxdSP6dmG6uJip6FXN0EQBwm2clYYd8Wul42Cwu/DK8HEftzsapcNdYe2MfLiIwZqsDk2RDEsTE79hA==

psl@^1.1.33:
  version "1.8.0"
  resolved "https://registry.yarnpkg.com/psl/-/psl-1.8.0.tgz#9326f8bcfb013adcc005fdff056acce020e51c24"
  integrity sha512-RIdOzyoavK+hA18OGGWDqUTsCLhtA7IcZ/6NCs4fFJaHBDab+pDDmDIByWFRQJq2Cd7r1OoQxBGKOaztq+hjIQ==

punycode@^2.1.1:
  version "2.1.1"
  resolved "https://registry.yarnpkg.com/punycode/-/punycode-2.1.1.tgz#b58b010ac40c22c5657616c8d2c2c02c7bf479ec"
  integrity sha512-XRsRjdf+j5ml+y/6GKHPZbrF/8p2Yga0JPtdqTIY2Xe5ohJPD9saDJJLPvp9+NSBprVvevdXZybnj2cv8OEd0A==

ramda@^0.25.0:
  version "0.25.0"
  resolved "https://registry.yarnpkg.com/ramda/-/ramda-0.25.0.tgz#8fdf68231cffa90bc2f9460390a0cb74a29b29a9"
  integrity sha512-GXpfrYVPwx3K7RQ6aYT8KPS8XViSXUVJT1ONhoKPE9VAleW42YE+U+8VEyGWt41EnEQW7gwecYJriTI0pKoecQ==

random-int@^2.0.1:
  version "2.0.1"
  resolved "https://registry.yarnpkg.com/random-int/-/random-int-2.0.1.tgz#d072fe298e2fd12a730edde7729168b7b88dcea3"
  integrity sha512-YALjWK2Rt9EMIv9BF/3mvlzFWQathsvb5UZmN1QmhfIOfcQYXc/UcLzg0ablqesSBpBVLt2Tlwv/eTuBh4LXUQ==

tough-cookie@^4.0.0:
  version "4.0.0"
  resolved "https://registry.yarnpkg.com/tough-cookie/-/tough-cookie-4.0.0.tgz#d822234eeca882f991f0f908824ad2622ddbece4"
  integrity sha512-tHdtEpQCMrc1YLrMaqXXcj6AxhYi/xgit6mZu1+EDWUn+qhUf8wMQoFIy9NXuq23zAwtcB0t/MjACGR18pcRbg==
  dependencies:
    psl "^1.1.33"
    punycode "^2.1.1"
    universalify "^0.1.2"

universalify@^0.1.2:
  version "0.1.2"
  resolved "https://registry.yarnpkg.com/universalify/-/universalify-0.1.2.tgz#b646f69be3942dabcecc9d6639c80dc105efaa66"
  integrity sha512-rBJeI5CXAlmy1pV+617WB9J63U6XcazHHF2f2dbJix4XzpUF0RS3Zbj0FGIOCAva5P/d/GBOYaACQ1w+0azUkg==

username-generator@^1.1.0:
  version "1.1.0"
  resolved "https://registry.yarnpkg.com/username-generator/-/username-generator-1.1.0.tgz#3b79405a8167e77e64df67c7a6f36fedceb6b0fc"
  integrity sha512-2hpbjhJ9/DJdrPajdeJ2nQ1v9sNLT3IaLGhejd9GbrVMCGZMc3h2Ug6qUlIKjDkRUT0HsozXYboaypxo94OYfw==
